// !$*UTF8*$!
{
	archiveVersion = 1;
	classes = {
	};
	objectVersion = 50;
	objects = {

/* Begin PBXBuildFile section */
		2D08269A2142CAFD0017A41F /* main.swift in Sources */ = {isa = PBXBuildFile; fileRef = 2D0826992142CAFD0017A41F /* main.swift */; };
		2D0826A12142CB1D0017A41F /* startUp.swift in Sources */ = {isa = PBXBuildFile; fileRef = 2D0826A02142CB1D0017A41F /* startUp.swift */; };
		2D0826A32142CB290017A41F /* Users.swift in Sources */ = {isa = PBXBuildFile; fileRef = 2D0826A22142CB290017A41F /* Users.swift */; };
		2D0826AD2142CDF00017A41F /* newUser.swift in Sources */ = {isa = PBXBuildFile; fileRef = 2D0826AC2142CDF00017A41F /* newUser.swift */; };
		2D0826AF2142ED690017A41F /* Videogames.swift in Sources */ = {isa = PBXBuildFile; fileRef = 2D0826AE2142ED690017A41F /* Videogames.swift */; };
		2D0826B12142F0F20017A41F /* commands.swift in Sources */ = {isa = PBXBuildFile; fileRef = 2D0826B02142F0F20017A41F /* commands.swift */; };
		2D0826B32142F14B0017A41F /* userReg.swift in Sources */ = {isa = PBXBuildFile; fileRef = 2D0826B22142F14B0017A41F /* userReg.swift */; };
		2D0826B52142F1680017A41F /* userLibrarian.swift in Sources */ = {isa = PBXBuildFile; fileRef = 2D0826B42142F1680017A41F /* userLibrarian.swift */; };
/* End PBXBuildFile section */

/* Begin PBXCopyFilesBuildPhase section */
		2D0826942142CAFD0017A41F /* CopyFiles */ = {
			isa = PBXCopyFilesBuildPhase;
			buildActionMask = 2147483647;
			dstPath = /usr/share/man/man1/;
			dstSubfolderSpec = 0;
			files = (
			);
			runOnlyForDeploymentPostprocessing = 1;
		};
/* End PBXCopyFilesBuildPhase section */

/* Begin PBXFileReference section */
		2D0826962142CAFD0017A41F /* VideoGameLibraryProto */ = {isa = PBXFileReference; explicitFileType = "compiled.mach-o.executable"; includeInIndex = 0; path = VideoGameLibraryProto; sourceTree = BUILT_PRODUCTS_DIR; };
		2D0826992142CAFD0017A41F /* main.swift */ = {isa = PBXFileReference; lastKnownFileType = sourcecode.swift; path = main.swift; sourceTree = "<group>"; };
		2D0826A02142CB1D0017A41F /* startUp.swift */ = {isa = PBXFileReference; lastKnownFileType = sourcecode.swift; path = startUp.swift; sourceTree = "<group>"; };
		2D0826A22142CB290017A41F /* Users.swift */ = {isa = PBXFileReference; lastKnownFileType = sourcecode.swift; path = Users.swift; sourceTree = "<group>"; };
		2D0826A92142CB950017A41F /* to-do.rtf */ = {isa = PBXFileReference; lastKnownFileType = text.rtf; name = "to-do.rtf"; path = "/Users/dakotabrown/Desktop/Interapt/WeekFour/VideoGameLibraryProto/VideoGameLibraryProto/to-do.rtf"; sourceTree = "<absolute>"; };
		2D0826AC2142CDF00017A41F /* newUser.swift */ = {isa = PBXFileReference; lastKnownFileType = sourcecode.swift; name = newUser.swift; path = /Users/dakotabrown/Desktop/Interapt/WeekFour/VideoGameLibraryProto/VideoGameLibraryProto/newUser.swift; sourceTree = "<absolute>"; };
		2D0826AE2142ED690017A41F /* Videogames.swift */ = {isa = PBXFileReference; lastKnownFileType = sourcecode.swift; name = Videogames.swift; path = /Users/dakotabrown/Desktop/Interapt/WeekFour/VideoGameLibraryProto/VideoGameLibraryProto/Videogames.swift; sourceTree = "<absolute>"; };
		2D0826B02142F0F20017A41F /* commands.swift */ = {isa = PBXFileReference; lastKnownFileType = sourcecode.swift; name = commands.swift; path = /Users/dakotabrown/Desktop/Interapt/WeekFour/VideoGameLibraryProto/VideoGameLibraryProto/commands.swift; sourceTree = "<absolute>"; };
		2D0826B22142F14B0017A41F /* userReg.swift */ = {isa = PBXFileReference; lastKnownFileType = sourcecode.swift; name = userReg.swift; path = /Users/dakotabrown/Desktop/Interapt/WeekFour/VideoGameLibraryProto/VideoGameLibraryProto/userReg.swift; sourceTree = "<absolute>"; };
		2D0826B42142F1680017A41F /* userLibrarian.swift */ = {isa = PBXFileReference; lastKnownFileType = sourcecode.swift; name = userLibrarian.swift; path = VideoGameLibraryProto.xcodeproj/../userLibrarian.swift; sourceTree = SOURCE_ROOT; };
/* End PBXFileReference section */

/* Begin PBXFrameworksBuildPhase section */
		2D0826932142CAFD0017A41F /* Frameworks */ = {
			isa = PBXFrameworksBuildPhase;
			buildActionMask = 2147483647;
			files = (
			);
			runOnlyForDeploymentPostprocessing = 0;
		};
/* End PBXFrameworksBuildPhase section */

/* Begin PBXGroup section */
		2D08268D2142CAFD0017A41F = {
			isa = PBXGroup;
			children = (
				2D0826982142CAFD0017A41F /* VideoGameLibraryProto */,
				2D0826972142CAFD0017A41F /* Products */,
			);
			sourceTree = "<group>";
		};
		2D0826972142CAFD0017A41F /* Products */ = {
			isa = PBXGroup;
			children = (
				2D0826962142CAFD0017A41F /* VideoGameLibraryProto */,
			);
			name = Products;
			sourceTree = "<group>";
		};
		2D0826982142CAFD0017A41F /* VideoGameLibraryProto */ = {
			isa = PBXGroup;
			children = (
				2D0826992142CAFD0017A41F /* main.swift */,
				2D0826A02142CB1D0017A41F /* startUp.swift */,
				2D0826B02142F0F20017A41F /* commands.swift */,
				2D0826AE2142ED690017A41F /* Videogames.swift */,
				2D0826A22142CB290017A41F /* Users.swift */,
				2D0826AC2142CDF00017A41F /* newUser.swift */,
				2D0826B42142F1680017A41F /* userLibrarian.swift */,
				2D0826B22142F14B0017A41F /* userReg.swift */,
				2D0826A92142CB950017A41F /* to-do.rtf */,
			);
			path = VideoGameLibraryProto;
			sourceTree = "<group>";
		};
/* End PBXGroup section */

/* Begin PBXNativeTarget section */
		2D0826952142CAFD0017A41F /* VideoGameLibraryProto */ = {
			isa = PBXNativeTarget;
			buildConfigurationList = 2D08269D2142CAFD0017A41F /* Build configuration list for PBXNativeTarget "VideoGameLibraryProto" */;
			buildPhases = (
				2D0826922142CAFD0017A41F /* Sources */,
				2D0826932142CAFD0017A41F /* Frameworks */,
				2D0826942142CAFD0017A41F /* CopyFiles */,
			);
			buildRules = (
			);
			dependencies = (
			);
			name = VideoGameLibraryProto;
			productName = VideoGameLibraryProto;
			productReference = 2D0826962142CAFD0017A41F /* VideoGameLibraryProto */;
			productType = "com.apple.product-type.tool";
		};
/* End PBXNativeTarget section */

/* Begin PBXProject section */
		2D08268E2142CAFD0017A41F /* Project object */ = {
			isa = PBXProject;
			attributes = {
				LastSwiftUpdateCheck = 0940;
				LastUpgradeCheck = 0940;
				ORGANIZATIONNAME = "Dakota Brown";
				TargetAttributes = {
					2D0826952142CAFD0017A41F = {
						CreatedOnToolsVersion = 9.4.1;
					};
				};
			};
			buildConfigurationList = 2D0826912142CAFD0017A41F /* Build configuration list for PBXProject "VideoGameLibraryProto" */;
			compatibilityVersion = "Xcode 9.3";
			developmentRegion = en;
			hasScannedForEncodings = 0;
			knownRegions = (
				en,
			);
			mainGroup = 2D08268D2142CAFD0017A41F;
			productRefGroup = 2D0826972142CAFD0017A41F /* Products */;
			projectDirPath = "";
			projectRoot = "";
			targets = (
				2D0826952142CAFD0017A41F /* VideoGameLibraryProto */,
			);
		};
/* End PBXProject section */

/* Begin PBXSourcesBuildPhase section */
		2D0826922142CAFD0017A41F /* Sources */ = {
			isa = PBXSourcesBuildPhase;
			buildActionMask = 2147483647;
			files = (
				2D0826AD2142CDF00017A41F /* newUser.swift in Sources */,
				2D0826B52142F1680017A41F /* userLibrarian.swift in Sources */,
				2D0826AF2142ED690017A41F /* Videogames.swift in Sources */,
				2D08269A2142CAFD0017A41F /* main.swift in Sources */,
				2D0826B32142F14B0017A41F /* userReg.swift in Sources */,
				2D0826B12142F0F20017A41F /* commands.swift in Sources */,
				2D0826A32142CB290017A41F /* Users.swift in Sources */,
				2D0826A12142CB1D0017A41F /* startUp.swift in Sources */,
			);
			runOnlyForDeploymentPostprocessing = 0;
		};
/* End PBXSourcesBuildPhase section */

/* Begin XCBuildConfiguration section */
		2D08269B2142CAFD0017A41F /* Debug */ = {
			isa = XCBuildConfiguration;
			buildSettings = {
				ALWAYS_SEARCH_USER_PATHS = NO;
				CLANG_ANALYZER_NONNULL = YES;
				CLANG_ANALYZER_NUMBER_OBJECT_CONVERSION = YES_AGGRESSIVE;
				CLANG_CXX_LANGUAGE_STANDARD = "gnu++14";
				CLANG_CXX_LIBRARY = "libc++";
				CLANG_ENABLE_MODULES = YES;
				CLANG_ENABLE_OBJC_ARC = YES;
				CLANG_ENABLE_OBJC_WEAK = YES;
				CLANG_WARN_BLOCK_CAPTURE_AUTORELEASING = YES;
				CLANG_WARN_BOOL_CONVERSION = YES;
				CLANG_WARN_COMMA = YES;
				CLANG_WARN_CONSTANT_CONVERSION = YES;
				CLANG_WARN_DEPRECATED_OBJC_IMPLEMENTATIONS = YES;
				CLANG_WARN_DIRECT_OBJC_ISA_USAGE = YES_ERROR;
				CLANG_WARN_DOCUMENTATION_COMMENTS = YES;
				CLANG_WARN_EMPTY_BODY = YES;
				CLANG_WARN_ENUM_CONVERSION = YES;
				CLANG_WARN_INFINITE_RECURSION = YES;
				CLANG_WARN_INT_CONVERSION = YES;
				CLANG_WARN_NON_LITERAL_NULL_CONVERSION = YES;
				CLANG_WARN_OBJC_IMPLICIT_RETAIN_SELF = YES;
				CLANG_WARN_OBJC_LITERAL_CONVERSION = YES;
				CLANG_WARN_OBJC_ROOT_CLASS = YES_ERROR;
				CLANG_WARN_RANGE_LOOP_ANALYSIS = YES;
				CLANG_WARN_STRICT_PROTOTYPES = YES;
				CLANG_WARN_SUSPICIOUS_MOVE = YES;
				CLANG_WARN_UNGUARDED_AVAILABILITY = YES_AGGRESSIVE;
				CLANG_WARN_UNREACHABLE_CODE = YES;
				CLANG_WARN__DUPLICATE_METHOD_MATCH = YES;
				CODE_SIGN_IDENTITY = "-";
				COPY_PHASE_STRIP = NO;
				DEBUG_INFORMATION_FORMAT = dwarf;
				ENABLE_STRICT_OBJC_MSGSEND = YES;
				ENABLE_TESTABILITY = YES;
				GCC_C_LANGUAGE_STANDARD = gnu11;
				GCC_DYNAMIC_NO_PIC = NO;
				GCC_NO_COMMON_BLOCKS = YES;
				GCC_OPTIMIZATION_LEVEL = 0;
				GCC_PREPROCESSOR_DEFINITIONS = (
					"DEBUG=1",
					"$(inherited)",
				);
				GCC_WARN_64_TO_32_BIT_CONVERSION = YES;
				GCC_WARN_ABOUT_RETURN_TYPE = YES_ERROR;
				GCC_WARN_UNDECLARED_SELECTOR = YES;
				GCC_WARN_UNINITIALIZED_AUTOS = YES_AGGRESSIVE;
				GCC_WARN_UNUSED_FUNCTION = YES;
				GCC_WARN_UNUSED_VARIABLE = YES;
				MACOSX_DEPLOYMENT_TARGET = 10.13;
				MTL_ENABLE_DEBUG_INFO = YES;
				ONLY_ACTIVE_ARCH = YES;
				SDKROOT = macosx;
				SWIFT_ACTIVE_COMPILATION_CONDITIONS = DEBUG;
				SWIFT_OPTIMIZATION_LEVEL = "-Onone";
			};
			name = Debug;
		};
		2D08269C2142CAFD0017A41F /* Release */ = {
			isa = XCBuildConfiguration;
			buildSettings = {
				ALWAYS_SEARCH_USER_PATHS = NO;
				CLANG_ANALYZER_NONNULL = YES;
				CLANG_ANALYZER_NUMBER_OBJECT_CONVERSION = YES_AGGRESSIVE;
				CLANG_CXX_LANGUAGE_STANDARD = "gnu++14";
				CLANG_CXX_LIBRARY = "libc++";
				CLANG_ENABLE_MODULES = YES;
				CLANG_ENABLE_OBJC_ARC = YES;
				CLANG_ENABLE_OBJC_WEAK = YES;
				CLANG_WARN_BLOCK_CAPTURE_AUTORELEASING = YES;
				CLANG_WARN_BOOL_CONVERSION = YES;
				CLANG_WARN_COMMA = YES;
				CLANG_WARN_CONSTANT_CONVERSION = YES;
				CLANG_WARN_DEPRECATED_OBJC_IMPLEMENTATIONS = YES;
				CLANG_WARN_DIRECT_OBJC_ISA_USAGE = YES_ERROR;
				CLANG_WARN_DOCUMENTATION_COMMENTS = YES;
				CLANG_WARN_EMPTY_BODY = YES;
				CLANG_WARN_ENUM_CONVERSION = YES;
				CLANG_WARN_INFINITE_RECURSION = YES;
				CLANG_WARN_INT_CONVERSION = YES;
				CLANG_WARN_NON_LITERAL_NULL_CONVERSION = YES;
				CLANG_WARN_OBJC_IMPLICIT_RETAIN_SELF = YES;
				CLANG_WARN_OBJC_LITERAL_CONVERSION = YES;
				CLANG_WARN_OBJC_ROOT_CLASS = YES_ERROR;
				CLANG_WARN_RANGE_LOOP_ANALYSIS = YES;
				CLANG_WARN_STRICT_PROTOTYPES = YES;
				CLANG_WARN_SUSPICIOUS_MOVE = YES;
				CLANG_WARN_UNGUARDED_AVAILABILITY = YES_AGGRESSIVE;
				CLANG_WARN_UNREACHABLE_CODE = YES;
				CLANG_WARN__DUPLICATE_METHOD_MATCH = YES;
				CODE_SIGN_IDENTITY = "-";
				COPY_PHASE_STRIP = NO;
				DEBUG_INFORMATION_FORMAT = "dwarf-with-dsym";
				ENABLE_NS_ASSERTIONS = NO;
				ENABLE_STRICT_OBJC_MSGSEND = YES;
				GCC_C_LANGUAGE_STANDARD = gnu11;
				GCC_NO_COMMON_BLOCKS = YES;
				GCC_WARN_64_TO_32_BIT_CONVERSION = YES;
				GCC_WARN_ABOUT_RETURN_TYPE = YES_ERROR;
				GCC_WARN_UNDECLARED_SELECTOR = YES;
				GCC_WARN_UNINITIALIZED_AUTOS = YES_AGGRESSIVE;
				GCC_WARN_UNUSED_FUNCTION = YES;
				GCC_WARN_UNUSED_VARIABLE = YES;
				MACOSX_DEPLOYMENT_TARGET = 10.13;
				MTL_ENABLE_DEBUG_INFO = NO;
				SDKROOT = macosx;
				SWIFT_COMPILATION_MODE = wholemodule;
				SWIFT_OPTIMIZATION_LEVEL = "-O";
			};
			name = Release;
		};
		2D08269E2142CAFD0017A41F /* Debug */ = {
			isa = XCBuildConfiguration;
			buildSettings = {
				CODE_SIGN_STYLE = Automatic;
				PRODUCT_NAME = "$(TARGET_NAME)";
				SWIFT_VERSION = 4.0;
			};
			name = Debug;
		};
		2D08269F2142CAFD0017A41F /* Release */ = {
			isa = XCBuildConfiguration;
			buildSettings = {
				CODE_SIGN_STYLE = Automatic;
				PRODUCT_NAME = "$(TARGET_NAME)";
				SWIFT_VERSION = 4.0;
			};
			name = Release;
		};
/* End XCBuildConfiguration section */

/* Begin XCConfigurationList section */
		2D0826912142CAFD0017A41F /* Build configuration list for PBXProject "VideoGameLibraryProto" */ = {
			isa = XCConfigurationList;
			buildConfigurations = (
				2D08269B2142CAFD0017A41F /* Debug */,
				2D08269C2142CAFD0017A41F /* Release */,
			);
			defaultConfigurationIsVisible = 0;
			defaultConfigurationName = Release;
		};
		2D08269D2142CAFD0017A41F /* Build configuration list for PBXNativeTarget "VideoGameLibraryProto" */ = {
			isa = XCConfigurationList;
			buildConfigurations = (
				2D08269E2142CAFD0017A41F /* Debug */,
				2D08269F2142CAFD0017A41F /* Release */,
			);
			defaultConfigurationIsVisible = 0;
			defaultConfigurationName = Release;
		};
/* End XCConfigurationList section */
	};
	rootObject = 2D08268E2142CAFD0017A41F /* Project object */;
}
